
Microsoft Visual Studio Solution File, Format Version 12.00
# Visual Studio 14
VisualStudioVersion = 14.0.25420.1
MinimumVisualStudioVersion = 10.0.40219.1
Project("{FAE04EC0-301F-11D3-BF4B-00C04F79EFBC}") = "ViewBot", "ViewBot\ViewBot.csproj", "{BC146A08-DF86-46FF-80EA-2A451D6C6514}"
EndProject
Project("{888888A0-9F3D-457C-B088-3A5042F75D52}") = "IronPythonApplication1", "IronPythonApplication1\IronPythonApplication1.pyproj", "{FFFB8F43-A701-4014-BE38-13D196BC67EF}"
EndProject
Global
	GlobalSection(SolutionConfigurationPlatforms) = preSolution
		Debug|Any CPU = Debug|Any CPU
		Release|Any CPU = Release|Any CPU
	EndGlobalSection
	GlobalSection(ProjectConfigurationPlatforms) = postSolution
		{BC146A08-DF86-46FF-80EA-2A451D6C6514}.Debug|Any CPU.ActiveCfg = Debug|Any CPU
		{BC146A08-DF86-46FF-80EA-2A451D6C6514}.Debug|Any CPU.Build.0 = Debug|Any CPU
		{BC146A08-DF86-46FF-80EA-2A451D6C6514}.Release|Any CPU.ActiveCfg = Release|Any CPU
		{BC146A08-DF86-46FF-80EA-2A451D6C6514}.Release|Any CPU.Build.0 = Release|Any CPU
		{FFFB8F43-A701-4014-BE38-13D196BC67EF}.Debug|Any CPU.ActiveCfg = Debug|Any CPU
		{FFFB8F43-A701-4014-BE38-13D196BC67EF}.Release|Any CPU.ActiveCfg = Release|Any CPU
	EndGlobalSection
	GlobalSection(SolutionProperties) = preSolution
		HideSolutionNode = FALSE
	EndGlobalSection
EndGlobal
